
Microsoft Visual Studio Solution File, Format Version 12.00
# Visual Studio Version 17
VisualStudioVersion = 17.5.002.0
MinimumVisualStudioVersion = 10.0.40219.1
Project("{9A19103F-16F7-4668-BE54-9A1E7A4F7556}") = "webapi", "webapi\webapi.csproj", "{73CEB698-186D-4E4D-A680-A2029700F23E}"
EndProject
Global
	GlobalSection(SolutionConfigurationPlatforms) = preSolution
		Debug|Any CPU = Debug|Any CPU
		Release|Any CPU = Release|Any CPU
	EndGlobalSection
	GlobalSection(ProjectConfigurationPlatforms) = postSolution
		{73CEB698-186D-4E4D-A680-A2029700F23E}.Debug|Any CPU.ActiveCfg = Debug|Any CPU
		{73CEB698-186D-4E4D-A680-A2029700F23E}.Debug|Any CPU.Build.0 = Debug|Any CPU
		{73CEB698-186D-4E4D-A680-A2029700F23E}.Release|Any CPU.ActiveCfg = Release|Any CPU
		{73CEB698-186D-4E4D-A680-A2029700F23E}.Release|Any CPU.Build.0 = Release|Any CPU
	EndGlobalSection
	GlobalSection(SolutionProperties) = preSolution
		HideSolutionNode = FALSE
	EndGlobalSection
	GlobalSection(ExtensibilityGlobals) = postSolution
		SolutionGuid = {DB173A49-C55F-4B3F-8337-F55A1886F904}
	EndGlobalSection
EndGlobal
